# THIS IS AN AUTOGENERATED FILE. DO NOT EDIT THIS FILE DIRECTLY.
# yarn lockfile v1


"@vant/weapp@^1.7.2":
  "integrity" "sha1-+0BI8zX9lGWF0fEtWlvrUvvJGpw="
  "resolved" "https://registry.nlark.com/@vant/weapp/download/@vant/weapp-1.7.2.tgz"
  "version" "1.7.2"

"fast-deep-equal@^2.0.1":
  "integrity" "sha1-ewUhjd+WZ79/Nwv3/bLLFf3Qqkk="
  "resolved" "https://registry.npmmirror.com/fast-deep-equal/download/fast-deep-equal-2.0.1.tgz"
  "version" "2.0.1"

"miniprogram-computed@^4.2.1":
  "integrity" "sha1-jDm0+TXdIJxmEMdl1X62IL9NrJQ="
  "resolved" "https://registry.npmmirror.com/miniprogram-computed/download/miniprogram-computed-4.2.1.tgz"
  "version" "4.2.1"
  dependencies:
    "fast-deep-equal" "^2.0.1"
    "rfdc" "^1.1.4"

"rfdc@^1.1.4":
  "integrity" "sha1-0LfEQasnINBdxM8m4ByJYx2doIs="
  "resolved" "https://registry.npmmirror.com/rfdc/download/rfdc-1.3.0.tgz"
  "version" "1.3.0"
